
Microsoft Visual Studio Solution File, Format Version 12.00
# Visual Studio Version 17
VisualStudioVersion = 17.8.34309.116
MinimumVisualStudioVersion = 10.0.40219.1
Project("{FAE04EC0-301F-11D3-BF4B-00C04F79EFBC}") = "Tarih ve Saat İşlemleri", "Tarih ve Saat İşlemleri.csproj", "{F18BB7B3-9EC8-4B39-972B-66A42A97A8B1}"
EndProject
Global
	GlobalSection(SolutionConfigurationPlatforms) = preSolution
		Debug|Any CPU = Debug|Any CPU
		Release|Any CPU = Release|Any CPU
	EndGlobalSection
	GlobalSection(ProjectConfigurationPlatforms) = postSolution
		{F18BB7B3-9EC8-4B39-972B-66A42A97A8B1}.Debug|Any CPU.ActiveCfg = Debug|Any CPU
		{F18BB7B3-9EC8-4B39-972B-66A42A97A8B1}.Debug|Any CPU.Build.0 = Debug|Any CPU
		{F18BB7B3-9EC8-4B39-972B-66A42A97A8B1}.Release|Any CPU.ActiveCfg = Release|Any CPU
		{F18BB7B3-9EC8-4B39-972B-66A42A97A8B1}.Release|Any CPU.Build.0 = Release|Any CPU
	EndGlobalSection
	GlobalSection(SolutionProperties) = preSolution
		HideSolutionNode = FALSE
	EndGlobalSection
	GlobalSection(ExtensibilityGlobals) = postSolution
		SolutionGuid = {4FC42711-04D3-4DCD-B28A-CC4CD1F1D7DB}
	EndGlobalSection
EndGlobal
