
Microsoft Visual Studio Solution File, Format Version 12.00
# Visual Studio Version 16
VisualStudioVersion = 16.0.31005.135
MinimumVisualStudioVersion = 10.0.40219.1
Project("{FAE04EC0-301F-11D3-BF4B-00C04F79EFBC}") = "RSS Anadolu Ajansı", "RSS Anadolu Ajansı.csproj", "{22A23021-57B5-4B65-8CFE-268932FBB205}"
EndProject
Global
	GlobalSection(SolutionConfigurationPlatforms) = preSolution
		Debug|Any CPU = Debug|Any CPU
		Release|Any CPU = Release|Any CPU
	EndGlobalSection
	GlobalSection(ProjectConfigurationPlatforms) = postSolution
		{22A23021-57B5-4B65-8CFE-268932FBB205}.Debug|Any CPU.ActiveCfg = Debug|Any CPU
		{22A23021-57B5-4B65-8CFE-268932FBB205}.Debug|Any CPU.Build.0 = Debug|Any CPU
		{22A23021-57B5-4B65-8CFE-268932FBB205}.Release|Any CPU.ActiveCfg = Release|Any CPU
		{22A23021-57B5-4B65-8CFE-268932FBB205}.Release|Any CPU.Build.0 = Release|Any CPU
	EndGlobalSection
	GlobalSection(SolutionProperties) = preSolution
		HideSolutionNode = FALSE
	EndGlobalSection
	GlobalSection(ExtensibilityGlobals) = postSolution
		SolutionGuid = {4D711AB4-CA1D-49F3-868E-080ACBB179CF}
	EndGlobalSection
EndGlobal
