
Microsoft Visual Studio Solution File, Format Version 12.00
# Visual Studio Version 17
VisualStudioVersion = 17.8.34309.116
MinimumVisualStudioVersion = 10.0.40219.1
Project("{FAE04EC0-301F-11D3-BF4B-00C04F79EFBC}") = "Çalışma Zamanı Nesne Oluşturma (İki Boyutlu Dizi)", "Çalışma Zamanı Nesne Oluşturma (İki Boyutlu Dizi).csproj", "{DDB8CD09-4333-45E7-A2BD-B8B00C155B74}"
EndProject
Global
	GlobalSection(SolutionConfigurationPlatforms) = preSolution
		Debug|Any CPU = Debug|Any CPU
		Release|Any CPU = Release|Any CPU
	EndGlobalSection
	GlobalSection(ProjectConfigurationPlatforms) = postSolution
		{DDB8CD09-4333-45E7-A2BD-B8B00C155B74}.Debug|Any CPU.ActiveCfg = Debug|Any CPU
		{DDB8CD09-4333-45E7-A2BD-B8B00C155B74}.Debug|Any CPU.Build.0 = Debug|Any CPU
		{DDB8CD09-4333-45E7-A2BD-B8B00C155B74}.Release|Any CPU.ActiveCfg = Release|Any CPU
		{DDB8CD09-4333-45E7-A2BD-B8B00C155B74}.Release|Any CPU.Build.0 = Release|Any CPU
	EndGlobalSection
	GlobalSection(SolutionProperties) = preSolution
		HideSolutionNode = FALSE
	EndGlobalSection
	GlobalSection(ExtensibilityGlobals) = postSolution
		SolutionGuid = {B214704D-20BF-42B1-A75F-AC03612C9381}
	EndGlobalSection
EndGlobal
