
Microsoft Visual Studio Solution File, Format Version 12.00
# Visual Studio Version 17
VisualStudioVersion = 17.8.34309.116
MinimumVisualStudioVersion = 10.0.40219.1
Project("{FAE04EC0-301F-11D3-BF4B-00C04F79EFBC}") = "Clipboard Nesnesi", "Clipboard Nesnesi.csproj", "{C5EDE060-9BFD-436E-B303-B6956166ABFD}"
EndProject
Global
	GlobalSection(SolutionConfigurationPlatforms) = preSolution
		Debug|Any CPU = Debug|Any CPU
		Release|Any CPU = Release|Any CPU
	EndGlobalSection
	GlobalSection(ProjectConfigurationPlatforms) = postSolution
		{C5EDE060-9BFD-436E-B303-B6956166ABFD}.Debug|Any CPU.ActiveCfg = Debug|Any CPU
		{C5EDE060-9BFD-436E-B303-B6956166ABFD}.Debug|Any CPU.Build.0 = Debug|Any CPU
		{C5EDE060-9BFD-436E-B303-B6956166ABFD}.Release|Any CPU.ActiveCfg = Release|Any CPU
		{C5EDE060-9BFD-436E-B303-B6956166ABFD}.Release|Any CPU.Build.0 = Release|Any CPU
	EndGlobalSection
	GlobalSection(SolutionProperties) = preSolution
		HideSolutionNode = FALSE
	EndGlobalSection
	GlobalSection(ExtensibilityGlobals) = postSolution
		SolutionGuid = {09F1227F-E587-4C3A-90A0-FCBFC900EC0F}
	EndGlobalSection
EndGlobal
